
Microsoft Visual Studio Solution File, Format Version 12.00
Project("{FAE04EC0-301F-11D3-BF4B-00C04F79EFBC}") = "DfaInteger", "DfaInteger\DfaInteger.csproj", "{21BD2180-BD75-4CC3-8638-3481248D2393}"
EndProject
Global
	GlobalSection(SolutionConfigurationPlatforms) = preSolution
		Debug|Any CPU = Debug|Any CPU
		Release|Any CPU = Release|Any CPU
	EndGlobalSection
	GlobalSection(ProjectConfigurationPlatforms) = postSolution
		{21BD2180-BD75-4CC3-8638-3481248D2393}.Debug|Any CPU.ActiveCfg = Debug|Any CPU
		{21BD2180-BD75-4CC3-8638-3481248D2393}.Debug|Any CPU.Build.0 = Debug|Any CPU
		{21BD2180-BD75-4CC3-8638-3481248D2393}.Release|Any CPU.ActiveCfg = Release|Any CPU
		{21BD2180-BD75-4CC3-8638-3481248D2393}.Release|Any CPU.Build.0 = Release|Any CPU
	EndGlobalSection
EndGlobal
